// !$*UTF8*$!
{
	archiveVersion = 1;
	classes = {
	};
	objectVersion = 46;
	objects = {

/* Begin PBXBuildFile section */
		6F2C9B921A4E35AD00A384A4 /* insertion_sort.c in Sources */ = {isa = PBXBuildFile; fileRef = 6F2C9B901A4E35AD00A384A4 /* insertion_sort.c */; };
		6F2C9B951A4E360100A384A4 /* comp.c in Sources */ = {isa = PBXBuildFile; fileRef = 6F2C9B931A4E360100A384A4 /* comp.c */; };
		6F2C9B9B1A4F82D500A384A4 /* selection_sort.c in Sources */ = {isa = PBXBuildFile; fileRef = 6F2C9B991A4F82D500A384A4 /* selection_sort.c */; };
		6F2C9B9E1A511B0D00A384A4 /* swap.c in Sources */ = {isa = PBXBuildFile; fileRef = 6F2C9B9C1A511B0D00A384A4 /* swap.c */; };
		6F2C9BA11A52184E00A384A4 /* heap_sort.c in Sources */ = {isa = PBXBuildFile; fileRef = 6F2C9B9F1A52184E00A384A4 /* heap_sort.c */; };
		6F2C9BA41A521C7300A384A4 /* copy.c in Sources */ = {isa = PBXBuildFile; fileRef = 6F2C9BA21A521C7300A384A4 /* copy.c */; };
		6F2C9BA71A5272BB00A384A4 /* counting_sort.c in Sources */ = {isa = PBXBuildFile; fileRef = 6F2C9BA51A5272BB00A384A4 /* counting_sort.c */; };
		6F4241591A4A46A40042B1BB /* main.c in Sources */ = {isa = PBXBuildFile; fileRef = 6F4241581A4A46A40042B1BB /* main.c */; };
		6F4241611A4A47C70042B1BB /* alloc.c in Sources */ = {isa = PBXBuildFile; fileRef = 6F42415F1A4A47C70042B1BB /* alloc.c */; };
		6FA595F31A53DCB7002B550B /* itoa.c in Sources */ = {isa = PBXBuildFile; fileRef = 6FA595F11A53DCB7002B550B /* itoa.c */; };
		6FA595F61A54C898002B550B /* bucket_sort.c in Sources */ = {isa = PBXBuildFile; fileRef = 6FA595F41A54C898002B550B /* bucket_sort.c */; };
/* End PBXBuildFile section */

/* Begin PBXCopyFilesBuildPhase section */
		6F4241531A4A46A40042B1BB /* CopyFiles */ = {
			isa = PBXCopyFilesBuildPhase;
			buildActionMask = 2147483647;
			dstPath = /usr/share/man/man1/;
			dstSubfolderSpec = 0;
			files = (
			);
			runOnlyForDeploymentPostprocessing = 1;
		};
/* End PBXCopyFilesBuildPhase section */

/* Begin PBXFileReference section */
		6F2C9B901A4E35AD00A384A4 /* insertion_sort.c */ = {isa = PBXFileReference; fileEncoding = 4; lastKnownFileType = sourcecode.c.c; path = insertion_sort.c; sourceTree = "<group>"; };
		6F2C9B911A4E35AD00A384A4 /* insertion_sort.h */ = {isa = PBXFileReference; fileEncoding = 4; lastKnownFileType = sourcecode.c.h; path = insertion_sort.h; sourceTree = "<group>"; };
		6F2C9B931A4E360100A384A4 /* comp.c */ = {isa = PBXFileReference; fileEncoding = 4; lastKnownFileType = sourcecode.c.c; path = comp.c; sourceTree = "<group>"; };
		6F2C9B941A4E360100A384A4 /* comp.h */ = {isa = PBXFileReference; fileEncoding = 4; lastKnownFileType = sourcecode.c.h; path = comp.h; sourceTree = "<group>"; };
		6F2C9B991A4F82D500A384A4 /* selection_sort.c */ = {isa = PBXFileReference; fileEncoding = 4; lastKnownFileType = sourcecode.c.c; path = selection_sort.c; sourceTree = "<group>"; };
		6F2C9B9A1A4F82D500A384A4 /* selection_sort.h */ = {isa = PBXFileReference; fileEncoding = 4; lastKnownFileType = sourcecode.c.h; path = selection_sort.h; sourceTree = "<group>"; };
		6F2C9B9C1A511B0D00A384A4 /* swap.c */ = {isa = PBXFileReference; fileEncoding = 4; lastKnownFileType = sourcecode.c.c; path = swap.c; sourceTree = "<group>"; };
		6F2C9B9D1A511B0D00A384A4 /* swap.h */ = {isa = PBXFileReference; fileEncoding = 4; lastKnownFileType = sourcecode.c.h; path = swap.h; sourceTree = "<group>"; };
		6F2C9B9F1A52184E00A384A4 /* heap_sort.c */ = {isa = PBXFileReference; fileEncoding = 4; lastKnownFileType = sourcecode.c.c; path = heap_sort.c; sourceTree = "<group>"; };
		6F2C9BA01A52184E00A384A4 /* heap_sort.h */ = {isa = PBXFileReference; fileEncoding = 4; lastKnownFileType = sourcecode.c.h; path = heap_sort.h; sourceTree = "<group>"; };
		6F2C9BA21A521C7300A384A4 /* copy.c */ = {isa = PBXFileReference; fileEncoding = 4; lastKnownFileType = sourcecode.c.c; path = copy.c; sourceTree = "<group>"; };
		6F2C9BA31A521C7300A384A4 /* copy.h */ = {isa = PBXFileReference; fileEncoding = 4; lastKnownFileType = sourcecode.c.h; path = copy.h; sourceTree = "<group>"; };
		6F2C9BA51A5272BB00A384A4 /* counting_sort.c */ = {isa = PBXFileReference; fileEncoding = 4; lastKnownFileType = sourcecode.c.c; path = counting_sort.c; sourceTree = "<group>"; };
		6F2C9BA61A5272BB00A384A4 /* counting_sort.h */ = {isa = PBXFileReference; fileEncoding = 4; lastKnownFileType = sourcecode.c.h; path = counting_sort.h; sourceTree = "<group>"; };
		6F4241551A4A46A40042B1BB /* SortingAlgorithms */ = {isa = PBXFileReference; explicitFileType = "compiled.mach-o.executable"; includeInIndex = 0; path = SortingAlgorithms; sourceTree = BUILT_PRODUCTS_DIR; };
		6F4241581A4A46A40042B1BB /* main.c */ = {isa = PBXFileReference; lastKnownFileType = sourcecode.c.c; path = main.c; sourceTree = "<group>"; };
		6F42415F1A4A47C70042B1BB /* alloc.c */ = {isa = PBXFileReference; fileEncoding = 4; lastKnownFileType = sourcecode.c.c; path = alloc.c; sourceTree = "<group>"; };
		6F4241601A4A47C70042B1BB /* alloc.h */ = {isa = PBXFileReference; fileEncoding = 4; lastKnownFileType = sourcecode.c.h; path = alloc.h; sourceTree = "<group>"; };
		6FA595F11A53DCB7002B550B /* itoa.c */ = {isa = PBXFileReference; fileEncoding = 4; lastKnownFileType = sourcecode.c.c; path = itoa.c; sourceTree = "<group>"; };
		6FA595F21A53DCB7002B550B /* itoa.h */ = {isa = PBXFileReference; fileEncoding = 4; lastKnownFileType = sourcecode.c.h; path = itoa.h; sourceTree = "<group>"; };
		6FA595F41A54C898002B550B /* bucket_sort.c */ = {isa = PBXFileReference; fileEncoding = 4; lastKnownFileType = sourcecode.c.c; path = bucket_sort.c; sourceTree = "<group>"; };
		6FA595F51A54C898002B550B /* bucket_sort.h */ = {isa = PBXFileReference; fileEncoding = 4; lastKnownFileType = sourcecode.c.h; path = bucket_sort.h; sourceTree = "<group>"; };
/* End PBXFileReference section */

/* Begin PBXFrameworksBuildPhase section */
		6F4241521A4A46A40042B1BB /* Frameworks */ = {
			isa = PBXFrameworksBuildPhase;
			buildActionMask = 2147483647;
			files = (
			);
			runOnlyForDeploymentPostprocessing = 0;
		};
/* End PBXFrameworksBuildPhase section */

/* Begin PBXGroup section */
		6F42414C1A4A46A40042B1BB = {
			isa = PBXGroup;
			children = (
				6F4241571A4A46A40042B1BB /* SortingAlgorithms */,
				6F4241561A4A46A40042B1BB /* Products */,
			);
			sourceTree = "<group>";
		};
		6F4241561A4A46A40042B1BB /* Products */ = {
			isa = PBXGroup;
			children = (
				6F4241551A4A46A40042B1BB /* SortingAlgorithms */,
			);
			name = Products;
			sourceTree = "<group>";
		};
		6F4241571A4A46A40042B1BB /* SortingAlgorithms */ = {
			isa = PBXGroup;
			children = (
				6F4241581A4A46A40042B1BB /* main.c */,
				6F42415F1A4A47C70042B1BB /* alloc.c */,
				6F4241601A4A47C70042B1BB /* alloc.h */,
				6F2C9B901A4E35AD00A384A4 /* insertion_sort.c */,
				6F2C9B911A4E35AD00A384A4 /* insertion_sort.h */,
				6F2C9B931A4E360100A384A4 /* comp.c */,
				6F2C9B941A4E360100A384A4 /* comp.h */,
				6F2C9B991A4F82D500A384A4 /* selection_sort.c */,
				6F2C9B9A1A4F82D500A384A4 /* selection_sort.h */,
				6F2C9B9C1A511B0D00A384A4 /* swap.c */,
				6F2C9B9D1A511B0D00A384A4 /* swap.h */,
				6F2C9B9F1A52184E00A384A4 /* heap_sort.c */,
				6F2C9BA01A52184E00A384A4 /* heap_sort.h */,
				6F2C9BA21A521C7300A384A4 /* copy.c */,
				6F2C9BA31A521C7300A384A4 /* copy.h */,
				6F2C9BA51A5272BB00A384A4 /* counting_sort.c */,
				6F2C9BA61A5272BB00A384A4 /* counting_sort.h */,
				6FA595F11A53DCB7002B550B /* itoa.c */,
				6FA595F21A53DCB7002B550B /* itoa.h */,
				6FA595F41A54C898002B550B /* bucket_sort.c */,
				6FA595F51A54C898002B550B /* bucket_sort.h */,
			);
			path = SortingAlgorithms;
			sourceTree = "<group>";
		};
/* End PBXGroup section */

/* Begin PBXNativeTarget section */
		6F4241541A4A46A40042B1BB /* SortingAlgorithms */ = {
			isa = PBXNativeTarget;
			buildConfigurationList = 6F42415C1A4A46A40042B1BB /* Build configuration list for PBXNativeTarget "SortingAlgorithms" */;
			buildPhases = (
				6F4241511A4A46A40042B1BB /* Sources */,
				6F4241521A4A46A40042B1BB /* Frameworks */,
				6F4241531A4A46A40042B1BB /* CopyFiles */,
			);
			buildRules = (
			);
			dependencies = (
			);
			name = SortingAlgorithms;
			productName = SortingAlgorithms;
			productReference = 6F4241551A4A46A40042B1BB /* SortingAlgorithms */;
			productType = "com.apple.product-type.tool";
		};
/* End PBXNativeTarget section */

/* Begin PBXProject section */
		6F42414D1A4A46A40042B1BB /* Project object */ = {
			isa = PBXProject;
			attributes = {
				LastUpgradeCheck = 0610;
				ORGANIZATIONNAME = "石川 貴大";
				TargetAttributes = {
					6F4241541A4A46A40042B1BB = {
						CreatedOnToolsVersion = 6.1.1;
					};
				};
			};
			buildConfigurationList = 6F4241501A4A46A40042B1BB /* Build configuration list for PBXProject "SortingAlgorithms" */;
			compatibilityVersion = "Xcode 3.2";
			developmentRegion = English;
			hasScannedForEncodings = 0;
			knownRegions = (
				en,
			);
			mainGroup = 6F42414C1A4A46A40042B1BB;
			productRefGroup = 6F4241561A4A46A40042B1BB /* Products */;
			projectDirPath = "";
			projectRoot = "";
			targets = (
				6F4241541A4A46A40042B1BB /* SortingAlgorithms */,
			);
		};
/* End PBXProject section */

/* Begin PBXSourcesBuildPhase section */
		6F4241511A4A46A40042B1BB /* Sources */ = {
			isa = PBXSourcesBuildPhase;
			buildActionMask = 2147483647;
			files = (
				6FA595F31A53DCB7002B550B /* itoa.c in Sources */,
				6F2C9B9E1A511B0D00A384A4 /* swap.c in Sources */,
				6F2C9B951A4E360100A384A4 /* comp.c in Sources */,
				6FA595F61A54C898002B550B /* bucket_sort.c in Sources */,
				6F2C9BA41A521C7300A384A4 /* copy.c in Sources */,
				6F4241591A4A46A40042B1BB /* main.c in Sources */,
				6F2C9B9B1A4F82D500A384A4 /* selection_sort.c in Sources */,
				6F2C9BA11A52184E00A384A4 /* heap_sort.c in Sources */,
				6F4241611A4A47C70042B1BB /* alloc.c in Sources */,
				6F2C9B921A4E35AD00A384A4 /* insertion_sort.c in Sources */,
				6F2C9BA71A5272BB00A384A4 /* counting_sort.c in Sources */,
			);
			runOnlyForDeploymentPostprocessing = 0;
		};
/* End PBXSourcesBuildPhase section */

/* Begin XCBuildConfiguration section */
		6F42415A1A4A46A40042B1BB /* Debug */ = {
			isa = XCBuildConfiguration;
			buildSettings = {
				ALWAYS_SEARCH_USER_PATHS = NO;
				CLANG_CXX_LANGUAGE_STANDARD = "gnu++0x";
				CLANG_CXX_LIBRARY = "libc++";
				CLANG_ENABLE_MODULES = YES;
				CLANG_ENABLE_OBJC_ARC = YES;
				CLANG_WARN_BOOL_CONVERSION = YES;
				CLANG_WARN_CONSTANT_CONVERSION = YES;
				CLANG_WARN_DIRECT_OBJC_ISA_USAGE = YES_ERROR;
				CLANG_WARN_EMPTY_BODY = YES;
				CLANG_WARN_ENUM_CONVERSION = YES;
				CLANG_WARN_INT_CONVERSION = YES;
				CLANG_WARN_OBJC_ROOT_CLASS = YES_ERROR;
				CLANG_WARN_UNREACHABLE_CODE = YES;
				CLANG_WARN__DUPLICATE_METHOD_MATCH = YES;
				COPY_PHASE_STRIP = NO;
				ENABLE_STRICT_OBJC_MSGSEND = YES;
				GCC_C_LANGUAGE_STANDARD = gnu99;
				GCC_DYNAMIC_NO_PIC = NO;
				GCC_OPTIMIZATION_LEVEL = 0;
				GCC_PREPROCESSOR_DEFINITIONS = (
					"DEBUG=1",
					"$(inherited)",
				);
				GCC_SYMBOLS_PRIVATE_EXTERN = NO;
				GCC_WARN_64_TO_32_BIT_CONVERSION = YES;
				GCC_WARN_ABOUT_RETURN_TYPE = YES_ERROR;
				GCC_WARN_UNDECLARED_SELECTOR = YES;
				GCC_WARN_UNINITIALIZED_AUTOS = YES_AGGRESSIVE;
				GCC_WARN_UNUSED_FUNCTION = YES;
				GCC_WARN_UNUSED_VARIABLE = YES;
				MACOSX_DEPLOYMENT_TARGET = 10.9;
				MTL_ENABLE_DEBUG_INFO = YES;
				ONLY_ACTIVE_ARCH = YES;
				SDKROOT = macosx;
			};
			name = Debug;
		};
		6F42415B1A4A46A40042B1BB /* Release */ = {
			isa = XCBuildConfiguration;
			buildSettings = {
				ALWAYS_SEARCH_USER_PATHS = NO;
				CLANG_CXX_LANGUAGE_STANDARD = "gnu++0x";
				CLANG_CXX_LIBRARY = "libc++";
				CLANG_ENABLE_MODULES = YES;
				CLANG_ENABLE_OBJC_ARC = YES;
				CLANG_WARN_BOOL_CONVERSION = YES;
				CLANG_WARN_CONSTANT_CONVERSION = YES;
				CLANG_WARN_DIRECT_OBJC_ISA_USAGE = YES_ERROR;
				CLANG_WARN_EMPTY_BODY = YES;
				CLANG_WARN_ENUM_CONVERSION = YES;
				CLANG_WARN_INT_CONVERSION = YES;
				CLANG_WARN_OBJC_ROOT_CLASS = YES_ERROR;
				CLANG_WARN_UNREACHABLE_CODE = YES;
				CLANG_WARN__DUPLICATE_METHOD_MATCH = YES;
				COPY_PHASE_STRIP = YES;
				DEBUG_INFORMATION_FORMAT = "dwarf-with-dsym";
				ENABLE_NS_ASSERTIONS = NO;
				ENABLE_STRICT_OBJC_MSGSEND = YES;
				GCC_C_LANGUAGE_STANDARD = gnu99;
				GCC_WARN_64_TO_32_BIT_CONVERSION = YES;
				GCC_WARN_ABOUT_RETURN_TYPE = YES_ERROR;
				GCC_WARN_UNDECLARED_SELECTOR = YES;
				GCC_WARN_UNINITIALIZED_AUTOS = YES_AGGRESSIVE;
				GCC_WARN_UNUSED_FUNCTION = YES;
				GCC_WARN_UNUSED_VARIABLE = YES;
				MACOSX_DEPLOYMENT_TARGET = 10.9;
				MTL_ENABLE_DEBUG_INFO = NO;
				SDKROOT = macosx;
			};
			name = Release;
		};
		6F42415D1A4A46A40042B1BB /* Debug */ = {
			isa = XCBuildConfiguration;
			buildSettings = {
				PRODUCT_NAME = SortingAlgorithms;
			};
			name = Debug;
		};
		6F42415E1A4A46A40042B1BB /* Release */ = {
			isa = XCBuildConfiguration;
			buildSettings = {
				PRODUCT_NAME = SortingAlgorithms;
			};
			name = Release;
		};
/* End XCBuildConfiguration section */

/* Begin XCConfigurationList section */
		6F4241501A4A46A40042B1BB /* Build configuration list for PBXProject "SortingAlgorithms" */ = {
			isa = XCConfigurationList;
			buildConfigurations = (
				6F42415A1A4A46A40042B1BB /* Debug */,
				6F42415B1A4A46A40042B1BB /* Release */,
			);
			defaultConfigurationIsVisible = 0;
			defaultConfigurationName = Release;
		};
		6F42415C1A4A46A40042B1BB /* Build configuration list for PBXNativeTarget "SortingAlgorithms" */ = {
			isa = XCConfigurationList;
			buildConfigurations = (
				6F42415D1A4A46A40042B1BB /* Debug */,
				6F42415E1A4A46A40042B1BB /* Release */,
			);
			defaultConfigurationIsVisible = 0;
			defaultConfigurationName = Release;
		};
/* End XCConfigurationList section */
	};
	rootObject = 6F42414D1A4A46A40042B1BB /* Project object */;
}
